
Microsoft Visual Studio Solution File, Format Version 12.00
# Visual Studio Version 16
VisualStudioVersion = 16.0.29326.143
MinimumVisualStudioVersion = 10.0.40219.1
Project("{FAE04EC0-301F-11D3-BF4B-00C04F79EFBC}") = "CodeGeneration", "CodeGeneration\CodeGeneration.csproj", "{A8EAFAA0-3E6E-4E48-8B22-D99ECEE34DDA}"
EndProject
Global
	GlobalSection(SolutionConfigurationPlatforms) = preSolution
		Debug|Any CPU = Debug|Any CPU
		Release|Any CPU = Release|Any CPU
	EndGlobalSection
	GlobalSection(ProjectConfigurationPlatforms) = postSolution
		{A8EAFAA0-3E6E-4E48-8B22-D99ECEE34DDA}.Debug|Any CPU.ActiveCfg = Debug|Any CPU
		{A8EAFAA0-3E6E-4E48-8B22-D99ECEE34DDA}.Debug|Any CPU.Build.0 = Debug|Any CPU
		{A8EAFAA0-3E6E-4E48-8B22-D99ECEE34DDA}.Release|Any CPU.ActiveCfg = Release|Any CPU
		{A8EAFAA0-3E6E-4E48-8B22-D99ECEE34DDA}.Release|Any CPU.Build.0 = Release|Any CPU
	EndGlobalSection
	GlobalSection(SolutionProperties) = preSolution
		HideSolutionNode = FALSE
	EndGlobalSection
	GlobalSection(ExtensibilityGlobals) = postSolution
		SolutionGuid = {37D93A6E-E42B-4C23-8F4D-0B40B629FB39}
	EndGlobalSection
EndGlobal
